
Microsoft Visual Studio Solution File, Format Version 11.00
# Visual Studio 2010
Project("{8BC9CEB8-8B4A-11D0-8D11-00A0C91BC942}") = "L-4", "L-4\L-4.vcxproj", "{D5237A15-B7F6-4544-A764-54838C5CE4A1}"
EndProject
Global
	GlobalSection(SolutionConfigurationPlatforms) = preSolution
		Debug|Win32 = Debug|Win32
		Release|Win32 = Release|Win32
	EndGlobalSection
	GlobalSection(ProjectConfigurationPlatforms) = postSolution
		{D5237A15-B7F6-4544-A764-54838C5CE4A1}.Debug|Win32.ActiveCfg = Debug|Win32
		{D5237A15-B7F6-4544-A764-54838C5CE4A1}.Debug|Win32.Build.0 = Debug|Win32
		{D5237A15-B7F6-4544-A764-54838C5CE4A1}.Release|Win32.ActiveCfg = Release|Win32
		{D5237A15-B7F6-4544-A764-54838C5CE4A1}.Release|Win32.Build.0 = Release|Win32
	EndGlobalSection
	GlobalSection(SolutionProperties) = preSolution
		HideSolutionNode = FALSE
	EndGlobalSection
EndGlobal
